<?xml version="1.0" encoding="utf-8"?>
<Project ToolsVersion="4.0" xmlns="http://schemas.microsoft.com/developer/msbuild/2003">
  <ItemGroup>
    <Filter Include="Archivos de origen">
      <UniqueIdentifier>{4FC737F1-C7A5-4376-A066-2A32D752A2FF}</UniqueIdentifier>
      <Extensions>cpp;c;cc;cxx;c++;cppm;ixx;def;odl;idl;hpj;bat;asm;asmx</Extensions>
    </Filter>
    <Filter Include="Archivos de encabezado">
      <UniqueIdentifier>{93995380-89BD-4b04-88EB-625FBE52EBFB}</UniqueIdentifier>
      <Extensions>h;hh;hpp;hxx;h++;hm;inl;inc;ipp;xsd</Extensions>
    </Filter>
    <Filter Include="Archivos de recursos">
      <UniqueIdentifier>{67DA6AB6-F800-4c08-8B7A-83BB121AAD01}</UniqueIdentifier>
      <Extensions>rc;ico;cur;bmp;dlg;rc2;rct;bin;rgs;gif;jpg;jpeg;jpe;resx;tiff;tif;png;wav;mfcribbon-ms</Extensions>
    </Filter>
    <Filter Include="Archivos de encabezado\Estructuras">
      <UniqueIdentifier>{55b3205b-fcd3-4141-abcd-24b149147c36}</UniqueIdentifier>
    </Filter>
    <Filter Include="Archivos de encabezado\Estructuras\ListasEnlazadas">
      <UniqueIdentifier>{ee54670f-53eb-41b5-9d1b-bf3923e16e96}</UniqueIdentifier>
    </Filter>
    <Filter Include="Archivos de encabezado\Estructuras\Nodos">
      <UniqueIdentifier>{9a672a15-1f16-449b-8b15-56112e7dcf53}</UniqueIdentifier>
    </Filter>
    <Filter Include="Archivos de encabezado\Estructuras\Position">
      <UniqueIdentifier>{41da19e4-010c-49ba-af58-4504d2c5dd33}</UniqueIdentifier>
    </Filter>
    <Filter Include="Archivos de encabezado\Estructuras\Trees">
      <UniqueIdentifier>{9a657371-9136-4b41-9a43-ab1bbbaa42ed}</UniqueIdentifier>
    </Filter>
    <Filter Include="Archivos de encabezado\Estructuras\ListasEnlazadas\ListasConPrioridad">
      <UniqueIdentifier>{e4c3f79c-ed83-4aa4-878b-56e0aae371b7}</UniqueIdentifier>
    </Filter>
    <Filter Include="Archivos de encabezado\Estructuras\ListasEnlazadas\ListasDoblementeEnlazadas">
      <UniqueIdentifier>{8f04d836-1527-4f83-9eb3-5bda463e8239}</UniqueIdentifier>
    </Filter>
    <Filter Include="Archivos de encabezado\Estructuras\Trees\ArbolesEnlazados">
      <UniqueIdentifier>{927eb7e2-816b-4b5b-be41-504cdd37e590}</UniqueIdentifier>
    </Filter>
    <Filter Include="Archivos de encabezado\Estructuras\Trees\Heap">
      <UniqueIdentifier>{564faad2-af8d-4976-97a5-ab15012765d1}</UniqueIdentifier>
    </Filter>
    <Filter Include="Archivos de encabezado\ExcepcionesCPP">
      <UniqueIdentifier>{ba823ad3-158f-48a5-a5d2-bcdca6b9c026}</UniqueIdentifier>
    </Filter>
    <Filter Include="Archivos de encabezado\ExcepcionesCPP\ExcepcionesEstructuras">
      <UniqueIdentifier>{ce6fb537-3452-4d7e-806f-37cfdc1d54ad}</UniqueIdentifier>
    </Filter>
    <Filter Include="Archivos de encabezado\ExcepcionesCPP\ExcepcionesEstructuras\ArbolesEnlazados">
      <UniqueIdentifier>{e3e5b645-c364-4929-810c-cc9341f0ba4e}</UniqueIdentifier>
    </Filter>
    <Filter Include="Archivos de encabezado\ExcepcionesCPP\ExcepcionesEstructuras\ListasEnlazadas">
      <UniqueIdentifier>{5ef48b22-6bbc-44ef-be09-4573cd673648}</UniqueIdentifier>
    </Filter>
    <Filter Include="Archivos de encabezado\GestorDeArchivos">
      <UniqueIdentifier>{11fb9308-fd93-4ea4-8834-beabc802e006}</UniqueIdentifier>
    </Filter>
    <Filter Include="Archivos de encabezado\Gizmo">
      <UniqueIdentifier>{b4529928-aac4-487b-8676-d3a91be72d7a}</UniqueIdentifier>
    </Filter>
    <Filter Include="Archivos de origen\Gizmo">
      <UniqueIdentifier>{62590d00-24e9-4df9-9e05-94528c585563}</UniqueIdentifier>
    </Filter>
    <Filter Include="Archivos de encabezado\GUI">
      <UniqueIdentifier>{50b0f37e-b331-43a8-afe6-f835eb8014d7}</UniqueIdentifier>
    </Filter>
    <Filter Include="Archivos de encabezado\GUI\FileManager">
      <UniqueIdentifier>{4c4cf40c-c398-4ec9-b468-6553eb09d088}</UniqueIdentifier>
    </Filter>
    <Filter Include="Archivos de encabezado\GUI\MenusGUI">
      <UniqueIdentifier>{bd21e3f4-208b-4e16-b674-84fec7a0a956}</UniqueIdentifier>
    </Filter>
    <Filter Include="Archivos de encabezado\GUI\ObjetosGUI">
      <UniqueIdentifier>{49aa72ac-e093-44bf-a852-68c0dbab0af4}</UniqueIdentifier>
    </Filter>
    <Filter Include="Archivos de encabezado\GUI\SceneGUI">
      <UniqueIdentifier>{90456214-6f1f-492b-b38b-e61cccb05d6b}</UniqueIdentifier>
    </Filter>
    <Filter Include="Archivos de encabezado\GUIManager">
      <UniqueIdentifier>{a37eb175-967b-48cc-a898-2cac514a44b6}</UniqueIdentifier>
    </Filter>
    <Filter Include="Archivos de encabezado\ImGUI">
      <UniqueIdentifier>{4cf5f4fd-3f54-4b02-904b-83d19852639c}</UniqueIdentifier>
    </Filter>
    <Filter Include="Archivos de origen\ImGUI">
      <UniqueIdentifier>{7e69c385-c1bc-4b50-9a18-d38edb2e93f7}</UniqueIdentifier>
    </Filter>
    <Filter Include="Archivos de encabezado\Matematicas">
      <UniqueIdentifier>{91fe6c77-5c17-4da1-a6d9-897382721c07}</UniqueIdentifier>
    </Filter>
    <Filter Include="Archivos de origen\Matematicas">
      <UniqueIdentifier>{6420ccb0-c0bf-4378-a951-046fa19e8d08}</UniqueIdentifier>
    </Filter>
    <Filter Include="Archivos de encabezado\Objetos">
      <UniqueIdentifier>{7a249128-d409-416a-a017-c08344e5d37a}</UniqueIdentifier>
    </Filter>
    <Filter Include="Archivos de encabezado\Objetos\Componentes">
      <UniqueIdentifier>{3f3644b3-790b-444a-846a-4a2d71c2c2c2}</UniqueIdentifier>
    </Filter>
    <Filter Include="Archivos de encabezado\Objetos\Materiales">
      <UniqueIdentifier>{ac6bf87e-6ed4-4457-84a0-97c90fcd72f6}</UniqueIdentifier>
    </Filter>
    <Filter Include="Archivos de encabezado\Objetos\Texturas">
      <UniqueIdentifier>{428fa816-e617-424a-a030-2a7c66aeef99}</UniqueIdentifier>
    </Filter>
    <Filter Include="Archivos de origen\Objetos">
      <UniqueIdentifier>{09dc5355-a632-4d72-aa44-b537a0e04cf1}</UniqueIdentifier>
    </Filter>
    <Filter Include="Archivos de origen\Objetos\Materiales">
      <UniqueIdentifier>{2e2eefbf-8970-4646-a156-892418584fb6}</UniqueIdentifier>
    </Filter>
    <Filter Include="Archivos de encabezado\Scenes">
      <UniqueIdentifier>{11d2ce57-a4e4-4585-8ccd-a22af22ac03e}</UniqueIdentifier>
    </Filter>
    <Filter Include="Archivos de encabezado\Glad">
      <UniqueIdentifier>{e434bf12-e0b7-45bc-8be2-28a114db2162}</UniqueIdentifier>
    </Filter>
    <Filter Include="Archivos de origen\Glad">
      <UniqueIdentifier>{2f38bc85-0bf1-45ca-a045-3bb651a698ba}</UniqueIdentifier>
    </Filter>
    <Filter Include="Archivos de encabezado\Estructuras\ListasEnlazadas\MetodosDeOrdenamiento">
      <UniqueIdentifier>{1ec9e41d-d260-417a-9a59-578eb02c7a80}</UniqueIdentifier>
    </Filter>
    <Filter Include="Archivos de encabezado\STBImage">
      <UniqueIdentifier>{093ba712-0a74-4ff8-b67e-b140ed39eb9b}</UniqueIdentifier>
    </Filter>
  </ItemGroup>
  <ItemGroup>
    <ClInclude Include="..\..\FunshiMotorGrafico\FunshiMotorGrafico\src\Estructuras\Trees\Heap\Heap.h">
      <Filter>Archivos de encabezado\Estructuras\Trees\Heap</Filter>
    </ClInclude>
    <ClInclude Include="..\..\FunshiMotorGrafico\FunshiMotorGrafico\src\Estructuras\Trees\Heap\MaxHeap.h">
      <Filter>Archivos de encabezado\Estructuras\Trees\Heap</Filter>
    </ClInclude>
    <ClInclude Include="..\..\FunshiMotorGrafico\FunshiMotorGrafico\src\Estructuras\Trees\Heap\MinHeap.h">
      <Filter>Archivos de encabezado\Estructuras\Trees\Heap</Filter>
    </ClInclude>
    <ClInclude Include="src\Time.h">
      <Filter>Archivos de encabezado</Filter>
    </ClInclude>
    <ClInclude Include="src\GestorDeArchivos\Binario.h">
      <Filter>Archivos de encabezado\GestorDeArchivos</Filter>
    </ClInclude>
    <ClInclude Include="src\GestorDeArchivos\File.h">
      <Filter>Archivos de encabezado\GestorDeArchivos</Filter>
    </ClInclude>
    <ClInclude Include="src\GestorDeArchivos\Folder.h">
      <Filter>Archivos de encabezado\GestorDeArchivos</Filter>
    </ClInclude>
    <ClInclude Include="src\GestorDeArchivos\GestorDeArchivos.h">
      <Filter>Archivos de encabezado\GestorDeArchivos</Filter>
    </ClInclude>
    <ClInclude Include="src\Gizmo\Gizmo.h">
      <Filter>Archivos de encabezado\Gizmo</Filter>
    </ClInclude>
    <ClInclude Include="src\GUI\GeneralUserInterface.h">
      <Filter>Archivos de encabezado\GUI</Filter>
    </ClInclude>
    <ClInclude Include="src\GUI\MenusGUI\MenuInterface.h">
      <Filter>Archivos de encabezado\GUI\MenusGUI</Filter>
    </ClInclude>
    <ClInclude Include="src\GUI\MenusGUI\MenuOpcionesInterface.h">
      <Filter>Archivos de encabezado\GUI\MenusGUI</Filter>
    </ClInclude>
    <ClInclude Include="src\GUI\MenusGUI\MenuProyectoInterface.h">
      <Filter>Archivos de encabezado\GUI\MenusGUI</Filter>
    </ClInclude>
    <ClInclude Include="src\GUIManager\GUIManager.h">
      <Filter>Archivos de encabezado\GUIManager</Filter>
    </ClInclude>
    <ClInclude Include="src\ImGui\imstb_rectpack.h">
      <Filter>Archivos de encabezado\ImGUI</Filter>
    </ClInclude>
    <ClInclude Include="src\ImGui\imstb_textedit.h">
      <Filter>Archivos de encabezado\ImGUI</Filter>
    </ClInclude>
    <ClInclude Include="src\ImGui\imstb_truetype.h">
      <Filter>Archivos de encabezado\ImGUI</Filter>
    </ClInclude>
    <ClInclude Include="src\ImGui\imgui.h">
      <Filter>Archivos de encabezado\ImGUI</Filter>
    </ClInclude>
    <ClInclude Include="src\ImGui\imconfig.h">
      <Filter>Archivos de encabezado\ImGUI</Filter>
    </ClInclude>
    <ClInclude Include="src\ImGui\imgui_internal.h">
      <Filter>Archivos de encabezado\ImGUI</Filter>
    </ClInclude>
    <ClInclude Include="src\ImGui\imgui_impl_glfw.h">
      <Filter>Archivos de encabezado\ImGUI</Filter>
    </ClInclude>
    <ClInclude Include="src\ImGui\imgui_impl_opengl3.h">
      <Filter>Archivos de encabezado\ImGUI</Filter>
    </ClInclude>
    <ClInclude Include="..\..\..\..\OneDrive\Desktop\DescargasParaMotorGrafico\GLAD\include\glad\glad.h">
      <Filter>Archivos de encabezado\Glad</Filter>
    </ClInclude>
    <ClInclude Include="..\..\..\..\OneDrive\Desktop\DescargasParaMotorGrafico\GLAD\include\KHR\khrplatform.h">
      <Filter>Archivos de encabezado\Glad</Filter>
    </ClInclude>
    <ClInclude Include="src\ImGui\imgui_impl_opengl3_loader.h">
      <Filter>Archivos de encabezado\ImGUI</Filter>
    </ClInclude>
    <ClInclude Include="src\Scenes\GameScene.h">
      <Filter>Archivos de encabezado\Scenes</Filter>
    </ClInclude>
    <ClInclude Include="src\Objetos\GameObject.h">
      <Filter>Archivos de encabezado\Objetos</Filter>
    </ClInclude>
    <ClInclude Include="src\Objetos\Componentes\Transform.h">
      <Filter>Archivos de encabezado\Objetos\Componentes</Filter>
    </ClInclude>
    <ClInclude Include="src\Ventana.h">
      <Filter>Archivos de encabezado</Filter>
    </ClInclude>
    <ClInclude Include="src\Gizmo\Camera.h">
      <Filter>Archivos de encabezado\Gizmo</Filter>
    </ClInclude>
    <ClInclude Include="src\GUI\ObjetosGUI\SettingsColor.h">
      <Filter>Archivos de encabezado\GUI\ObjetosGUI</Filter>
    </ClInclude>
    <ClInclude Include="src\GUI\ObjetosGUI\SettingsComponent.h">
      <Filter>Archivos de encabezado\GUI\ObjetosGUI</Filter>
    </ClInclude>
    <ClInclude Include="src\GUI\ObjetosGUI\SettingsObjectInterface.h">
      <Filter>Archivos de encabezado\GUI\ObjetosGUI</Filter>
    </ClInclude>
    <ClInclude Include="src\GUI\ObjetosGUI\SettingsTransform.h">
      <Filter>Archivos de encabezado\GUI\ObjetosGUI</Filter>
    </ClInclude>
    <ClInclude Include="src\GUI\SceneGUI\SceneMenuBar.h">
      <Filter>Archivos de encabezado\GUI\SceneGUI</Filter>
    </ClInclude>
    <ClInclude Include="src\GUI\SceneGUI\SceneSelectedInterface.h">
      <Filter>Archivos de encabezado\GUI\SceneGUI</Filter>
    </ClInclude>
    <ClInclude Include="src\GUI\FileManagerGUI\ContentFolderInterface.h">
      <Filter>Archivos de encabezado\GUI\FileManager</Filter>
    </ClInclude>
    <ClInclude Include="src\GUI\FileManagerGUI\TreeFilesInterface.h">
      <Filter>Archivos de encabezado\GUI\FileManager</Filter>
    </ClInclude>
    <ClInclude Include="src\Estructuras\Trees\Tree.h">
      <Filter>Archivos de encabezado\Estructuras\Trees</Filter>
    </ClInclude>
    <ClInclude Include="src\Estructuras\Trees\ArbolesEnlazados\ArbolBinarioEnlazado.h">
      <Filter>Archivos de encabezado\Estructuras\Trees\ArbolesEnlazados</Filter>
    </ClInclude>
    <ClInclude Include="src\Estructuras\Trees\ArbolesEnlazados\ArbolEnlazado.h">
      <Filter>Archivos de encabezado\Estructuras\Trees\ArbolesEnlazados</Filter>
    </ClInclude>
    <ClInclude Include="src\Estructuras\ListasEnlazadas\PositionList.h">
      <Filter>Archivos de encabezado\Estructuras\ListasEnlazadas</Filter>
    </ClInclude>
    <ClInclude Include="src\Estructuras\ListasEnlazadas\ListasDoblementeEnlazada\ListaDE.h">
      <Filter>Archivos de encabezado\Estructuras\ListasEnlazadas\ListasDoblementeEnlazadas</Filter>
    </ClInclude>
    <ClInclude Include="src\Estructuras\ListasEnlazadas\ListasConPrioridad\PriorityListaDE.h">
      <Filter>Archivos de encabezado\Estructuras\ListasEnlazadas\ListasConPrioridad</Filter>
    </ClInclude>
    <ClInclude Include="src\Estructuras\Nodos\DNodo.h">
      <Filter>Archivos de encabezado\Estructuras\Nodos</Filter>
    </ClInclude>
    <ClInclude Include="src\Estructuras\Nodos\TNodo.h">
      <Filter>Archivos de encabezado\Estructuras\Nodos</Filter>
    </ClInclude>
    <ClInclude Include="src\Estructuras\MetodosDeOrdenamiento\ListMergeSort.h">
      <Filter>Archivos de encabezado\Estructuras\ListasEnlazadas\MetodosDeOrdenamiento</Filter>
    </ClInclude>
    <ClInclude Include="src\Estructuras\Position\Position.h">
      <Filter>Archivos de encabezado\Estructuras\Position</Filter>
    </ClInclude>
    <ClInclude Include="src\Estructuras\Comparable.h">
      <Filter>Archivos de encabezado\Estructuras</Filter>
    </ClInclude>
    <ClInclude Include="src\Estructuras\Ordenadora.h">
      <Filter>Archivos de encabezado\Estructuras</Filter>
    </ClInclude>
    <ClInclude Include="src\ExcepcionesCPP\BoundaryViolationException.h">
      <Filter>Archivos de encabezado\ExcepcionesCPP</Filter>
    </ClInclude>
    <ClInclude Include="src\ExcepcionesCPP\ClassCastException.h">
      <Filter>Archivos de encabezado\ExcepcionesCPP</Filter>
    </ClInclude>
    <ClInclude Include="src\ExcepcionesCPP\InvalidOperationException.h">
      <Filter>Archivos de encabezado\ExcepcionesCPP</Filter>
    </ClInclude>
    <ClInclude Include="src\ExcepcionesCPP\NullPointerException.h">
      <Filter>Archivos de encabezado\ExcepcionesCPP</Filter>
    </ClInclude>
    <ClInclude Include="src\ExcepcionesCPP\RuntimeException.h">
      <Filter>Archivos de encabezado\ExcepcionesCPP</Filter>
    </ClInclude>
    <ClInclude Include="src\ExcepcionesCPP\Throwable.h">
      <Filter>Archivos de encabezado\ExcepcionesCPP</Filter>
    </ClInclude>
    <ClInclude Include="src\ExcepcionesCPP\ExcepcionesEstructuras\InvalidPositionException.h">
      <Filter>Archivos de encabezado\ExcepcionesCPP\ExcepcionesEstructuras</Filter>
    </ClInclude>
    <ClInclude Include="src\ExcepcionesCPP\ExcepcionesEstructuras\ArbolesEnlazados\EmptyTreeException.h">
      <Filter>Archivos de encabezado\ExcepcionesCPP\ExcepcionesEstructuras\ArbolesEnlazados</Filter>
    </ClInclude>
    <ClInclude Include="src\ExcepcionesCPP\ExcepcionesEstructuras\ListasEnlazadas\EmptyListException.h">
      <Filter>Archivos de encabezado\ExcepcionesCPP\ExcepcionesEstructuras\ListasEnlazadas</Filter>
    </ClInclude>
    <ClInclude Include="src\Objetos\Malla.h">
      <Filter>Archivos de encabezado\Objetos</Filter>
    </ClInclude>
    <ClInclude Include="src\Objetos\Modelos3D.h">
      <Filter>Archivos de encabezado\Objetos</Filter>
    </ClInclude>
    <ClInclude Include="src\Objetos\Componentes\Color.h">
      <Filter>Archivos de encabezado\Objetos\Componentes</Filter>
    </ClInclude>
    <ClInclude Include="src\Objetos\Componentes\Component.h">
      <Filter>Archivos de encabezado\Objetos\Componentes</Filter>
    </ClInclude>
    <ClInclude Include="src\Objetos\Componentes\Phisics.h">
      <Filter>Archivos de encabezado\Objetos\Componentes</Filter>
    </ClInclude>
    <ClInclude Include="src\Objetos\Materiales\Material.h">
      <Filter>Archivos de encabezado\Objetos\Materiales</Filter>
    </ClInclude>
    <ClInclude Include="src\Objetos\Materiales\materiales.h">
      <Filter>Archivos de encabezado\Objetos\Materiales</Filter>
    </ClInclude>
    <ClInclude Include="src\Scenes\Ilumination.h">
      <Filter>Archivos de encabezado\Scenes</Filter>
    </ClInclude>
    <ClInclude Include="src\Matematicas\StructVec3.h">
      <Filter>Archivos de encabezado\Matematicas</Filter>
    </ClInclude>
    <ClInclude Include="..\..\..\..\OneDrive\Desktop\DescargasParaMotorGrafico\stb-master\stb_image.h">
      <Filter>Archivos de encabezado\STBImage</Filter>
    </ClInclude>
  </ItemGroup>
  <ItemGroup>
    <ClCompile Include="src\main.cpp">
      <Filter>Archivos de origen</Filter>
    </ClCompile>
    <ClCompile Include="src\ImGui\imgui_tables.cpp">
      <Filter>Archivos de origen\ImGUI</Filter>
    </ClCompile>
    <ClCompile Include="src\ImGui\imgui_widgets.cpp">
      <Filter>Archivos de origen\ImGUI</Filter>
    </ClCompile>
    <ClCompile Include="src\ImGui\imgui_demo.cpp">
      <Filter>Archivos de origen\ImGUI</Filter>
    </ClCompile>
    <ClCompile Include="src\ImGui\imgui_draw.cpp">
      <Filter>Archivos de origen\ImGUI</Filter>
    </ClCompile>
    <ClCompile Include="src\ImGui\imgui_impl_glfw.cpp">
      <Filter>Archivos de origen\ImGUI</Filter>
    </ClCompile>
    <ClCompile Include="src\ImGui\imgui.cpp">
      <Filter>Archivos de origen\ImGUI</Filter>
    </ClCompile>
    <ClCompile Include="src\ImGui\imgui_impl_opengl3.cpp">
      <Filter>Archivos de origen\ImGUI</Filter>
    </ClCompile>
    <ClCompile Include="..\..\..\..\OneDrive\Desktop\DescargasParaMotorGrafico\GLAD\src\glad.c">
      <Filter>Archivos de origen\Glad</Filter>
    </ClCompile>
    <ClCompile Include="src\ExcepcionesCPP\RuntimeException.cpp">
      <Filter>Archivos de encabezado\ExcepcionesCPP</Filter>
    </ClCompile>
    <ClCompile Include="src\Objetos\Materiales\Material.cpp">
      <Filter>Archivos de origen\Objetos\Materiales</Filter>
    </ClCompile>
    <ClCompile Include="src\Matematicas\Vector.cpp">
      <Filter>Archivos de origen\Matematicas</Filter>
    </ClCompile>
  </ItemGroup>
</Project>